
Microsoft Visual Studio Solution File, Format Version 12.00
Project("{FAE04EC0-301F-11D3-BF4B-00C04F79EFBC}") = "Interview.PaymentGateway.Host", "Interview.PaymentGateway.Host\Interview.PaymentGateway.Host.csproj", "{82F24448-3FFF-453F-99A3-496C97BDC655}"
EndProject
Project("{FAE04EC0-301F-11D3-BF4B-00C04F79EFBC}") = "Interview.PaymentGateway.Application", "Interview.PaymentGateway.Application\Interview.PaymentGateway.Application.csproj", "{95791CE9-CE11-4AA8-8980-D3D242C5B4B7}"
EndProject
Project("{FAE04EC0-301F-11D3-BF4B-00C04F79EFBC}") = "Interview.PaymentGateway.Application.Tests", "Interview.PaymentGateway.Application.Tests\Interview.PaymentGateway.Application.Tests.csproj", "{52173850-EA12-436C-813D-20A06A0C6AFD}"
EndProject
Project("{FAE04EC0-301F-11D3-BF4B-00C04F79EFBC}") = "Payment.Domain.Core", "..\Payment.Domain.Core\Payment.Domain.Core.csproj", "{793DE04D-31FB-4352-B391-351D427F3D96}"
EndProject
Project("{FAE04EC0-301F-11D3-BF4B-00C04F79EFBC}") = "Interview.PaymentGateway.Domain", "Interview.PaymentGateway.Domain\Interview.PaymentGateway.Domain.csproj", "{2B3B6F3D-A914-48FA-A0F3-3F876D2E6879}"
EndProject
Project("{FAE04EC0-301F-11D3-BF4B-00C04F79EFBC}") = "Interview.PaymentGateway.Postgres", "Interview.PaymentGateway.Postgres\Interview.PaymentGateway.Postgres.csproj", "{852CF101-E83B-49A7-A7CF-84FF89950712}"
EndProject
Project("{FAE04EC0-301F-11D3-BF4B-00C04F79EFBC}") = "Payment.Domain.Core.Tests", "..\Payment.Domain.Core.Tests\Payment.Domain.Core.Tests.csproj", "{9A4620A7-0A73-4ACC-AEA0-C330B1562BB5}"
EndProject
Global
	GlobalSection(SolutionConfigurationPlatforms) = preSolution
		Debug|Any CPU = Debug|Any CPU
		Release|Any CPU = Release|Any CPU
	EndGlobalSection
	GlobalSection(ProjectConfigurationPlatforms) = postSolution
		{82F24448-3FFF-453F-99A3-496C97BDC655}.Debug|Any CPU.ActiveCfg = Debug|Any CPU
		{82F24448-3FFF-453F-99A3-496C97BDC655}.Debug|Any CPU.Build.0 = Debug|Any CPU
		{82F24448-3FFF-453F-99A3-496C97BDC655}.Release|Any CPU.ActiveCfg = Release|Any CPU
		{82F24448-3FFF-453F-99A3-496C97BDC655}.Release|Any CPU.Build.0 = Release|Any CPU
		{95791CE9-CE11-4AA8-8980-D3D242C5B4B7}.Debug|Any CPU.ActiveCfg = Debug|Any CPU
		{95791CE9-CE11-4AA8-8980-D3D242C5B4B7}.Debug|Any CPU.Build.0 = Debug|Any CPU
		{95791CE9-CE11-4AA8-8980-D3D242C5B4B7}.Release|Any CPU.ActiveCfg = Release|Any CPU
		{95791CE9-CE11-4AA8-8980-D3D242C5B4B7}.Release|Any CPU.Build.0 = Release|Any CPU
		{52173850-EA12-436C-813D-20A06A0C6AFD}.Debug|Any CPU.ActiveCfg = Debug|Any CPU
		{52173850-EA12-436C-813D-20A06A0C6AFD}.Debug|Any CPU.Build.0 = Debug|Any CPU
		{52173850-EA12-436C-813D-20A06A0C6AFD}.Release|Any CPU.ActiveCfg = Release|Any CPU
		{52173850-EA12-436C-813D-20A06A0C6AFD}.Release|Any CPU.Build.0 = Release|Any CPU
		{793DE04D-31FB-4352-B391-351D427F3D96}.Debug|Any CPU.ActiveCfg = Debug|Any CPU
		{793DE04D-31FB-4352-B391-351D427F3D96}.Debug|Any CPU.Build.0 = Debug|Any CPU
		{793DE04D-31FB-4352-B391-351D427F3D96}.Release|Any CPU.ActiveCfg = Release|Any CPU
		{793DE04D-31FB-4352-B391-351D427F3D96}.Release|Any CPU.Build.0 = Release|Any CPU
		{2B3B6F3D-A914-48FA-A0F3-3F876D2E6879}.Debug|Any CPU.ActiveCfg = Debug|Any CPU
		{2B3B6F3D-A914-48FA-A0F3-3F876D2E6879}.Debug|Any CPU.Build.0 = Debug|Any CPU
		{2B3B6F3D-A914-48FA-A0F3-3F876D2E6879}.Release|Any CPU.ActiveCfg = Release|Any CPU
		{2B3B6F3D-A914-48FA-A0F3-3F876D2E6879}.Release|Any CPU.Build.0 = Release|Any CPU
		{852CF101-E83B-49A7-A7CF-84FF89950712}.Debug|Any CPU.ActiveCfg = Debug|Any CPU
		{852CF101-E83B-49A7-A7CF-84FF89950712}.Debug|Any CPU.Build.0 = Debug|Any CPU
		{852CF101-E83B-49A7-A7CF-84FF89950712}.Release|Any CPU.ActiveCfg = Release|Any CPU
		{852CF101-E83B-49A7-A7CF-84FF89950712}.Release|Any CPU.Build.0 = Release|Any CPU
		{9A4620A7-0A73-4ACC-AEA0-C330B1562BB5}.Debug|Any CPU.ActiveCfg = Debug|Any CPU
		{9A4620A7-0A73-4ACC-AEA0-C330B1562BB5}.Debug|Any CPU.Build.0 = Debug|Any CPU
		{9A4620A7-0A73-4ACC-AEA0-C330B1562BB5}.Release|Any CPU.ActiveCfg = Release|Any CPU
		{9A4620A7-0A73-4ACC-AEA0-C330B1562BB5}.Release|Any CPU.Build.0 = Release|Any CPU
	EndGlobalSection
EndGlobal
